
Microsoft Visual Studio Solution File, Format Version 12.00
# Visual Studio Version 16
VisualStudioVersion = 16.0.29728.190
MinimumVisualStudioVersion = 10.0.40219.1
Project("{FAE04EC0-301F-11D3-BF4B-00C04F79EFBC}") = "bibliothek.at", "bibliothek.at\bibliothek.at.csproj", "{750E7F85-4B66-4DD3-948C-4F71928600B7}"
EndProject
Global
	GlobalSection(SolutionConfigurationPlatforms) = preSolution
		Debug|Any CPU = Debug|Any CPU
		Release|Any CPU = Release|Any CPU
	EndGlobalSection
	GlobalSection(ProjectConfigurationPlatforms) = postSolution
		{750E7F85-4B66-4DD3-948C-4F71928600B7}.Debug|Any CPU.ActiveCfg = Debug|Any CPU
		{750E7F85-4B66-4DD3-948C-4F71928600B7}.Debug|Any CPU.Build.0 = Debug|Any CPU
		{750E7F85-4B66-4DD3-948C-4F71928600B7}.Release|Any CPU.ActiveCfg = Release|Any CPU
		{750E7F85-4B66-4DD3-948C-4F71928600B7}.Release|Any CPU.Build.0 = Release|Any CPU
	EndGlobalSection
	GlobalSection(SolutionProperties) = preSolution
		HideSolutionNode = FALSE
	EndGlobalSection
	GlobalSection(ExtensibilityGlobals) = postSolution
		SolutionGuid = {43DD4D47-F0CE-493E-AD2B-FB16E513A3B3}
	EndGlobalSection
EndGlobal
